
Microsoft Visual Studio Solution File, Format Version 12.00
# Visual Studio Version 16
VisualStudioVersion = 16.0.33130.400
MinimumVisualStudioVersion = 10.0.40219.1
Project("{FAE04EC0-301F-11D3-BF4B-00C04F79EFBC}") = "CoffeeApp", "CoffeeApp\CoffeeApp.csproj", "{1FDF9365-6A94-4949-B9F3-4FC5155ECC45}"
EndProject
Global
	GlobalSection(SolutionConfigurationPlatforms) = preSolution
		Debug|Any CPU = Debug|Any CPU
		Release|Any CPU = Release|Any CPU
	EndGlobalSection
	GlobalSection(ProjectConfigurationPlatforms) = postSolution
		{1FDF9365-6A94-4949-B9F3-4FC5155ECC45}.Debug|Any CPU.ActiveCfg = Debug|Any CPU
		{1FDF9365-6A94-4949-B9F3-4FC5155ECC45}.Debug|Any CPU.Build.0 = Debug|Any CPU
		{1FDF9365-6A94-4949-B9F3-4FC5155ECC45}.Release|Any CPU.ActiveCfg = Release|Any CPU
		{1FDF9365-6A94-4949-B9F3-4FC5155ECC45}.Release|Any CPU.Build.0 = Release|Any CPU
	EndGlobalSection
	GlobalSection(SolutionProperties) = preSolution
		HideSolutionNode = FALSE
	EndGlobalSection
	GlobalSection(ExtensibilityGlobals) = postSolution
		SolutionGuid = {D220944F-EF75-450E-8D97-746A98AE9478}
	EndGlobalSection
EndGlobal
